
Microsoft Visual Studio Solution File, Format Version 12.00
# Visual Studio Version 17
VisualStudioVersion = 17.2.32602.215
MinimumVisualStudioVersion = 10.0.40219.1
Project("{FAE04EC0-301F-11D3-BF4B-00C04F79EFBC}") = "FisrtMVCApp", "FisrtMVCApp\FisrtMVCApp.csproj", "{91CC2B68-E31D-4E2F-8C88-6973A0AEDDB9}"
EndProject
Global
	GlobalSection(SolutionConfigurationPlatforms) = preSolution
		Debug|Any CPU = Debug|Any CPU
		Release|Any CPU = Release|Any CPU
	EndGlobalSection
	GlobalSection(ProjectConfigurationPlatforms) = postSolution
		{91CC2B68-E31D-4E2F-8C88-6973A0AEDDB9}.Debug|Any CPU.ActiveCfg = Debug|Any CPU
		{91CC2B68-E31D-4E2F-8C88-6973A0AEDDB9}.Debug|Any CPU.Build.0 = Debug|Any CPU
		{91CC2B68-E31D-4E2F-8C88-6973A0AEDDB9}.Release|Any CPU.ActiveCfg = Release|Any CPU
		{91CC2B68-E31D-4E2F-8C88-6973A0AEDDB9}.Release|Any CPU.Build.0 = Release|Any CPU
	EndGlobalSection
	GlobalSection(SolutionProperties) = preSolution
		HideSolutionNode = FALSE
	EndGlobalSection
	GlobalSection(ExtensibilityGlobals) = postSolution
		SolutionGuid = {E7886353-F125-4B47-97F2-88D630090459}
	EndGlobalSection
EndGlobal
